
Microsoft Visual Studio Solution File, Format Version 12.00
# Visual Studio Version 17
VisualStudioVersion = 17.4.33213.308
MinimumVisualStudioVersion = 10.0.40219.1
Project("{FAE04EC0-301F-11D3-BF4B-00C04F79EFBC}") = "com.mobiquity.packer", "com.mobiquity.packer\com.mobiquity.packer.csproj", "{2E2C72AB-E9CE-4ED4-AA30-000C999B4CA6}"
EndProject
Project("{FAE04EC0-301F-11D3-BF4B-00C04F79EFBC}") = "com.mobiquity.packer.lib", "com.mobiquity.packer.lib\com.mobiquity.packer.lib.csproj", "{249843CC-A704-4B52-9C33-9BEE34679AEB}"
EndProject
Global
	GlobalSection(SolutionConfigurationPlatforms) = preSolution
		Debug|Any CPU = Debug|Any CPU
		Release|Any CPU = Release|Any CPU
	EndGlobalSection
	GlobalSection(ProjectConfigurationPlatforms) = postSolution
		{2E2C72AB-E9CE-4ED4-AA30-000C999B4CA6}.Debug|Any CPU.ActiveCfg = Debug|Any CPU
		{2E2C72AB-E9CE-4ED4-AA30-000C999B4CA6}.Debug|Any CPU.Build.0 = Debug|Any CPU
		{2E2C72AB-E9CE-4ED4-AA30-000C999B4CA6}.Release|Any CPU.ActiveCfg = Release|Any CPU
		{2E2C72AB-E9CE-4ED4-AA30-000C999B4CA6}.Release|Any CPU.Build.0 = Release|Any CPU
		{249843CC-A704-4B52-9C33-9BEE34679AEB}.Debug|Any CPU.ActiveCfg = Debug|Any CPU
		{249843CC-A704-4B52-9C33-9BEE34679AEB}.Debug|Any CPU.Build.0 = Debug|Any CPU
		{249843CC-A704-4B52-9C33-9BEE34679AEB}.Release|Any CPU.ActiveCfg = Release|Any CPU
		{249843CC-A704-4B52-9C33-9BEE34679AEB}.Release|Any CPU.Build.0 = Release|Any CPU
	EndGlobalSection
	GlobalSection(SolutionProperties) = preSolution
		HideSolutionNode = FALSE
	EndGlobalSection
	GlobalSection(ExtensibilityGlobals) = postSolution
		SolutionGuid = {88BC5B34-D9CE-4214-8725-D934A4C45174}
	EndGlobalSection
EndGlobal
